
Microsoft Visual Studio Solution File, Format Version 12.00
# Visual Studio Version 16
VisualStudioVersion = 16.0.29324.140
MinimumVisualStudioVersion = 10.0.40219.1
Project("{8BC9CEB8-8B4A-11D0-8D11-00A0C91BC942}") = "lab6-TCI", "lab6-TCI\lab6-TCI.vcxproj", "{3F4789AB-07CA-4BB2-951B-B8C30B2BE6EE}"
EndProject
Global
	GlobalSection(SolutionConfigurationPlatforms) = preSolution
		Debug|x64 = Debug|x64
		Debug|x86 = Debug|x86
		Release|x64 = Release|x64
		Release|x86 = Release|x86
	EndGlobalSection
	GlobalSection(ProjectConfigurationPlatforms) = postSolution
		{3F4789AB-07CA-4BB2-951B-B8C30B2BE6EE}.Debug|x64.ActiveCfg = Debug|x64
		{3F4789AB-07CA-4BB2-951B-B8C30B2BE6EE}.Debug|x64.Build.0 = Debug|x64
		{3F4789AB-07CA-4BB2-951B-B8C30B2BE6EE}.Debug|x86.ActiveCfg = Debug|Win32
		{3F4789AB-07CA-4BB2-951B-B8C30B2BE6EE}.Debug|x86.Build.0 = Debug|Win32
		{3F4789AB-07CA-4BB2-951B-B8C30B2BE6EE}.Release|x64.ActiveCfg = Release|x64
		{3F4789AB-07CA-4BB2-951B-B8C30B2BE6EE}.Release|x64.Build.0 = Release|x64
		{3F4789AB-07CA-4BB2-951B-B8C30B2BE6EE}.Release|x86.ActiveCfg = Release|Win32
		{3F4789AB-07CA-4BB2-951B-B8C30B2BE6EE}.Release|x86.Build.0 = Release|Win32
	EndGlobalSection
	GlobalSection(SolutionProperties) = preSolution
		HideSolutionNode = FALSE
	EndGlobalSection
	GlobalSection(ExtensibilityGlobals) = postSolution
		SolutionGuid = {F04AA0B3-5DF2-4925-98EC-0013DBEB59D9}
	EndGlobalSection
EndGlobal
