
Microsoft Visual Studio Solution File, Format Version 12.00
# Visual Studio Version 16
VisualStudioVersion = 16.0.29324.140
MinimumVisualStudioVersion = 10.0.40219.1
Project("{8BC9CEB8-8B4A-11D0-8D11-00A0C91BC942}") = "TCI2", "TCI2\TCI2.vcxproj", "{D277DC2F-D1D7-495C-8350-DD2F1D20D67A}"
EndProject
Global
	GlobalSection(SolutionConfigurationPlatforms) = preSolution
		Debug|x64 = Debug|x64
		Debug|x86 = Debug|x86
		Release|x64 = Release|x64
		Release|x86 = Release|x86
	EndGlobalSection
	GlobalSection(ProjectConfigurationPlatforms) = postSolution
		{D277DC2F-D1D7-495C-8350-DD2F1D20D67A}.Debug|x64.ActiveCfg = Debug|x64
		{D277DC2F-D1D7-495C-8350-DD2F1D20D67A}.Debug|x64.Build.0 = Debug|x64
		{D277DC2F-D1D7-495C-8350-DD2F1D20D67A}.Debug|x86.ActiveCfg = Debug|Win32
		{D277DC2F-D1D7-495C-8350-DD2F1D20D67A}.Debug|x86.Build.0 = Debug|Win32
		{D277DC2F-D1D7-495C-8350-DD2F1D20D67A}.Release|x64.ActiveCfg = Release|x64
		{D277DC2F-D1D7-495C-8350-DD2F1D20D67A}.Release|x64.Build.0 = Release|x64
		{D277DC2F-D1D7-495C-8350-DD2F1D20D67A}.Release|x86.ActiveCfg = Release|Win32
		{D277DC2F-D1D7-495C-8350-DD2F1D20D67A}.Release|x86.Build.0 = Release|Win32
	EndGlobalSection
	GlobalSection(SolutionProperties) = preSolution
		HideSolutionNode = FALSE
	EndGlobalSection
	GlobalSection(ExtensibilityGlobals) = postSolution
		SolutionGuid = {708E63E1-C6B3-4928-8BF1-CE81C247A274}
	EndGlobalSection
EndGlobal
